
Microsoft Visual Studio Solution File, Format Version 11.00
# Visual Studio 2010
Project("{8BC9CEB8-8B4A-11D0-8D11-00A0C91BC942}") = "gm_luajit", "gm_luajit\gm_luajit.vcxproj", "{057418EB-6132-4587-AD7C-EEA6DA7EF3FA}"
EndProject
Global
	GlobalSection(SolutionConfigurationPlatforms) = preSolution
		Debug|Win32 = Debug|Win32
		Release|Win32 = Release|Win32
	EndGlobalSection
	GlobalSection(ProjectConfigurationPlatforms) = postSolution
		{057418EB-6132-4587-AD7C-EEA6DA7EF3FA}.Debug|Win32.ActiveCfg = Debug|Win32
		{057418EB-6132-4587-AD7C-EEA6DA7EF3FA}.Debug|Win32.Build.0 = Debug|Win32
		{057418EB-6132-4587-AD7C-EEA6DA7EF3FA}.Release|Win32.ActiveCfg = Release|Win32
		{057418EB-6132-4587-AD7C-EEA6DA7EF3FA}.Release|Win32.Build.0 = Release|Win32
	EndGlobalSection
	GlobalSection(SolutionProperties) = preSolution
		HideSolutionNode = FALSE
	EndGlobalSection
EndGlobal
